# This file is autogenerated, do not edit; changes may be undone by the next 'dep ensure'.


[[projects]]
  name = "github.com/go-sql-driver/mysql"
  packages = ["."]
  revision = "a0583e0143b1624142adab07e0e97fe106d99561"
  version = "v1.3"

[solve-meta]
  analyzer-name = "dep"
  analyzer-version = 1
  inputs-digest = "5040e344cc7c11e7e494aa732bf6daba1f45f40870f151986676cdc7b111a977"
  solver-name = "gps-cdcl"
  solver-version = 1
